
Microsoft Visual Studio Solution File, Format Version 12.00
# Visual Studio Version 16
VisualStudioVersion = 16.0.29911.84
MinimumVisualStudioVersion = 10.0.40219.1
Project("{FAE04EC0-301F-11D3-BF4B-00C04F79EFBC}") = "HarjoitusTyo", "HarjoitusTyo\HarjoitusTyo.csproj", "{84E70547-1C86-4FB7-9040-3D50C9B16829}"
EndProject
Global
	GlobalSection(SolutionConfigurationPlatforms) = preSolution
		Debug|Any CPU = Debug|Any CPU
		Release|Any CPU = Release|Any CPU
	EndGlobalSection
	GlobalSection(ProjectConfigurationPlatforms) = postSolution
		{84E70547-1C86-4FB7-9040-3D50C9B16829}.Debug|Any CPU.ActiveCfg = Debug|Any CPU
		{84E70547-1C86-4FB7-9040-3D50C9B16829}.Debug|Any CPU.Build.0 = Debug|Any CPU
		{84E70547-1C86-4FB7-9040-3D50C9B16829}.Release|Any CPU.ActiveCfg = Release|Any CPU
		{84E70547-1C86-4FB7-9040-3D50C9B16829}.Release|Any CPU.Build.0 = Release|Any CPU
	EndGlobalSection
	GlobalSection(SolutionProperties) = preSolution
		HideSolutionNode = FALSE
	EndGlobalSection
	GlobalSection(ExtensibilityGlobals) = postSolution
		SolutionGuid = {DEAA208A-AC42-44F8-9D3D-4319CDE051DB}
	EndGlobalSection
EndGlobal
