
Microsoft Visual Studio Solution File, Format Version 12.00
# Visual Studio Version 16
VisualStudioVersion = 16.0.29215.179
MinimumVisualStudioVersion = 10.0.40219.1
Project("{9A19103F-16F7-4668-BE54-9A1E7A4F7556}") = "do, for, while", "do, for, while\do, for, while.csproj", "{FAFE2A94-F130-4504-B295-6FCEA263D1C2}"
EndProject
Project("{9A19103F-16F7-4668-BE54-9A1E7A4F7556}") = "do, for, while2", "do, for, while2\do, for, while2.csproj", "{CC028B94-DE10-42EB-B389-11DD74165E6E}"
EndProject
Project("{FAE04EC0-301F-11D3-BF4B-00C04F79EFBC}") = "Do, For, While3", "Do, For, While3\Do, For, While3.csproj", "{D71F4BAB-E86E-4522-A5DE-3E586F77445C}"
EndProject
Global
	GlobalSection(SolutionConfigurationPlatforms) = preSolution
		Debug|Any CPU = Debug|Any CPU
		Release|Any CPU = Release|Any CPU
	EndGlobalSection
	GlobalSection(ProjectConfigurationPlatforms) = postSolution
		{FAFE2A94-F130-4504-B295-6FCEA263D1C2}.Debug|Any CPU.ActiveCfg = Debug|Any CPU
		{FAFE2A94-F130-4504-B295-6FCEA263D1C2}.Debug|Any CPU.Build.0 = Debug|Any CPU
		{FAFE2A94-F130-4504-B295-6FCEA263D1C2}.Release|Any CPU.ActiveCfg = Release|Any CPU
		{FAFE2A94-F130-4504-B295-6FCEA263D1C2}.Release|Any CPU.Build.0 = Release|Any CPU
		{CC028B94-DE10-42EB-B389-11DD74165E6E}.Debug|Any CPU.ActiveCfg = Debug|Any CPU
		{CC028B94-DE10-42EB-B389-11DD74165E6E}.Debug|Any CPU.Build.0 = Debug|Any CPU
		{CC028B94-DE10-42EB-B389-11DD74165E6E}.Release|Any CPU.ActiveCfg = Release|Any CPU
		{CC028B94-DE10-42EB-B389-11DD74165E6E}.Release|Any CPU.Build.0 = Release|Any CPU
		{D71F4BAB-E86E-4522-A5DE-3E586F77445C}.Debug|Any CPU.ActiveCfg = Debug|Any CPU
		{D71F4BAB-E86E-4522-A5DE-3E586F77445C}.Debug|Any CPU.Build.0 = Debug|Any CPU
		{D71F4BAB-E86E-4522-A5DE-3E586F77445C}.Release|Any CPU.ActiveCfg = Release|Any CPU
		{D71F4BAB-E86E-4522-A5DE-3E586F77445C}.Release|Any CPU.Build.0 = Release|Any CPU
	EndGlobalSection
	GlobalSection(SolutionProperties) = preSolution
		HideSolutionNode = FALSE
	EndGlobalSection
	GlobalSection(ExtensibilityGlobals) = postSolution
		SolutionGuid = {B3DA0C2D-FB6F-4EB7-9F37-4AD949AE5E21}
	EndGlobalSection
EndGlobal
