
Microsoft Visual Studio Solution File, Format Version 12.00
# Visual Studio Version 16
VisualStudioVersion = 16.0.29215.179
MinimumVisualStudioVersion = 10.0.40219.1
Project("{FAE04EC0-301F-11D3-BF4B-00C04F79EFBC}") = "PasswordQueryExample", "PasswordQueryExample\PasswordQueryExample.csproj", "{3A6ABF79-4039-4982-9181-DCA178875866}"
EndProject
Project("{FAE04EC0-301F-11D3-BF4B-00C04F79EFBC}") = "PasswordQueryExample2", "PasswordQueryExample2\PasswordQueryExample2.csproj", "{EB815B7A-592D-4B8E-830A-D21175F0ED5D}"
EndProject
Global
	GlobalSection(SolutionConfigurationPlatforms) = preSolution
		Debug|Any CPU = Debug|Any CPU
		Release|Any CPU = Release|Any CPU
	EndGlobalSection
	GlobalSection(ProjectConfigurationPlatforms) = postSolution
		{3A6ABF79-4039-4982-9181-DCA178875866}.Debug|Any CPU.ActiveCfg = Debug|Any CPU
		{3A6ABF79-4039-4982-9181-DCA178875866}.Debug|Any CPU.Build.0 = Debug|Any CPU
		{3A6ABF79-4039-4982-9181-DCA178875866}.Release|Any CPU.ActiveCfg = Release|Any CPU
		{3A6ABF79-4039-4982-9181-DCA178875866}.Release|Any CPU.Build.0 = Release|Any CPU
		{EB815B7A-592D-4B8E-830A-D21175F0ED5D}.Debug|Any CPU.ActiveCfg = Debug|Any CPU
		{EB815B7A-592D-4B8E-830A-D21175F0ED5D}.Debug|Any CPU.Build.0 = Debug|Any CPU
		{EB815B7A-592D-4B8E-830A-D21175F0ED5D}.Release|Any CPU.ActiveCfg = Release|Any CPU
		{EB815B7A-592D-4B8E-830A-D21175F0ED5D}.Release|Any CPU.Build.0 = Release|Any CPU
	EndGlobalSection
	GlobalSection(SolutionProperties) = preSolution
		HideSolutionNode = FALSE
	EndGlobalSection
	GlobalSection(ExtensibilityGlobals) = postSolution
		SolutionGuid = {E2BFBE64-2A8B-4075-8FDD-67E0D5439F1A}
	EndGlobalSection
EndGlobal
