
Microsoft Visual Studio Solution File, Format Version 12.00
# Visual Studio Version 16
VisualStudioVersion = 16.0.29424.173
MinimumVisualStudioVersion = 10.0.40219.1
Project("{9A19103F-16F7-4668-BE54-9A1E7A4F7556}") = "StringsTask", "StringsTask\StringsTask.csproj", "{AC22FCF4-D603-438D-92EB-07AA8811E946}"
EndProject
Project("{9A19103F-16F7-4668-BE54-9A1E7A4F7556}") = "StringsTask2", "StringsTask2\StringsTask2.csproj", "{ACB3EFAC-B7B8-46A2-8EEC-E2C9DDE96B88}"
EndProject
Project("{FAE04EC0-301F-11D3-BF4B-00C04F79EFBC}") = "StringsTask3", "StringsTask3\StringsTask3.csproj", "{33A4ACBA-80E7-47CF-B929-E114AD02554E}"
EndProject
Global
	GlobalSection(SolutionConfigurationPlatforms) = preSolution
		Debug|Any CPU = Debug|Any CPU
		Release|Any CPU = Release|Any CPU
	EndGlobalSection
	GlobalSection(ProjectConfigurationPlatforms) = postSolution
		{AC22FCF4-D603-438D-92EB-07AA8811E946}.Debug|Any CPU.ActiveCfg = Debug|Any CPU
		{AC22FCF4-D603-438D-92EB-07AA8811E946}.Debug|Any CPU.Build.0 = Debug|Any CPU
		{AC22FCF4-D603-438D-92EB-07AA8811E946}.Release|Any CPU.ActiveCfg = Release|Any CPU
		{AC22FCF4-D603-438D-92EB-07AA8811E946}.Release|Any CPU.Build.0 = Release|Any CPU
		{ACB3EFAC-B7B8-46A2-8EEC-E2C9DDE96B88}.Debug|Any CPU.ActiveCfg = Debug|Any CPU
		{ACB3EFAC-B7B8-46A2-8EEC-E2C9DDE96B88}.Debug|Any CPU.Build.0 = Debug|Any CPU
		{ACB3EFAC-B7B8-46A2-8EEC-E2C9DDE96B88}.Release|Any CPU.ActiveCfg = Release|Any CPU
		{ACB3EFAC-B7B8-46A2-8EEC-E2C9DDE96B88}.Release|Any CPU.Build.0 = Release|Any CPU
		{33A4ACBA-80E7-47CF-B929-E114AD02554E}.Debug|Any CPU.ActiveCfg = Debug|Any CPU
		{33A4ACBA-80E7-47CF-B929-E114AD02554E}.Debug|Any CPU.Build.0 = Debug|Any CPU
		{33A4ACBA-80E7-47CF-B929-E114AD02554E}.Release|Any CPU.ActiveCfg = Release|Any CPU
		{33A4ACBA-80E7-47CF-B929-E114AD02554E}.Release|Any CPU.Build.0 = Release|Any CPU
	EndGlobalSection
	GlobalSection(SolutionProperties) = preSolution
		HideSolutionNode = FALSE
	EndGlobalSection
	GlobalSection(ExtensibilityGlobals) = postSolution
		SolutionGuid = {0E1BC8C9-7F0F-4765-B596-6078A144EB7A}
	EndGlobalSection
EndGlobal
