
Microsoft Visual Studio Solution File, Format Version 12.00
# Visual Studio Version 16
VisualStudioVersion = 16.0.29215.179
MinimumVisualStudioVersion = 10.0.40219.1
Project("{9A19103F-16F7-4668-BE54-9A1E7A4F7556}") = "Task1", "Task1\Task1.csproj", "{804E6C8C-E653-43BA-BD63-AE11085B28E7}"
EndProject
Project("{9A19103F-16F7-4668-BE54-9A1E7A4F7556}") = "Task2", "Task2\Task2.csproj", "{5E9A63E1-C3EF-49B2-B629-A3A7DDA2075A}"
EndProject
Project("{FAE04EC0-301F-11D3-BF4B-00C04F79EFBC}") = "Task3", "Task3\Task3.csproj", "{3C4C7955-054E-4701-ABC4-DF33B33288DF}"
EndProject
Global
	GlobalSection(SolutionConfigurationPlatforms) = preSolution
		Debug|Any CPU = Debug|Any CPU
		Release|Any CPU = Release|Any CPU
	EndGlobalSection
	GlobalSection(ProjectConfigurationPlatforms) = postSolution
		{804E6C8C-E653-43BA-BD63-AE11085B28E7}.Debug|Any CPU.ActiveCfg = Debug|Any CPU
		{804E6C8C-E653-43BA-BD63-AE11085B28E7}.Debug|Any CPU.Build.0 = Debug|Any CPU
		{804E6C8C-E653-43BA-BD63-AE11085B28E7}.Release|Any CPU.ActiveCfg = Release|Any CPU
		{804E6C8C-E653-43BA-BD63-AE11085B28E7}.Release|Any CPU.Build.0 = Release|Any CPU
		{5E9A63E1-C3EF-49B2-B629-A3A7DDA2075A}.Debug|Any CPU.ActiveCfg = Debug|Any CPU
		{5E9A63E1-C3EF-49B2-B629-A3A7DDA2075A}.Debug|Any CPU.Build.0 = Debug|Any CPU
		{5E9A63E1-C3EF-49B2-B629-A3A7DDA2075A}.Release|Any CPU.ActiveCfg = Release|Any CPU
		{5E9A63E1-C3EF-49B2-B629-A3A7DDA2075A}.Release|Any CPU.Build.0 = Release|Any CPU
		{3C4C7955-054E-4701-ABC4-DF33B33288DF}.Debug|Any CPU.ActiveCfg = Debug|Any CPU
		{3C4C7955-054E-4701-ABC4-DF33B33288DF}.Debug|Any CPU.Build.0 = Debug|Any CPU
		{3C4C7955-054E-4701-ABC4-DF33B33288DF}.Release|Any CPU.ActiveCfg = Release|Any CPU
		{3C4C7955-054E-4701-ABC4-DF33B33288DF}.Release|Any CPU.Build.0 = Release|Any CPU
	EndGlobalSection
	GlobalSection(SolutionProperties) = preSolution
		HideSolutionNode = FALSE
	EndGlobalSection
	GlobalSection(ExtensibilityGlobals) = postSolution
		SolutionGuid = {DCB5F312-4DD5-4993-90A4-F95E092147CB}
	EndGlobalSection
EndGlobal
